
Microsoft Visual Studio Solution File, Format Version 12.00
# Visual Studio 14
VisualStudioVersion = 14.0.25123.0
MinimumVisualStudioVersion = 10.0.40219.1
Project("{BBD9585D-BF68-4907-80AF-CCB32775C60E}") = "Sitecore.Support.146826", "Sitecore.Support.146826\Sitecore.Support.146826.csproj", "{247A6D6E-DE1C-4F5A-9CA3-73CAA9AD2751}"
EndProject
Global
	GlobalSection(SolutionConfigurationPlatforms) = preSolution
		Debug|Any CPU = Debug|Any CPU
		Release|Any CPU = Release|Any CPU
	EndGlobalSection
	GlobalSection(ProjectConfigurationPlatforms) = postSolution
		{247A6D6E-DE1C-4F5A-9CA3-73CAA9AD2751}.Debug|Any CPU.ActiveCfg = Debug|Any CPU
		{247A6D6E-DE1C-4F5A-9CA3-73CAA9AD2751}.Debug|Any CPU.Build.0 = Debug|Any CPU
		{247A6D6E-DE1C-4F5A-9CA3-73CAA9AD2751}.Release|Any CPU.ActiveCfg = Release|Any CPU
		{247A6D6E-DE1C-4F5A-9CA3-73CAA9AD2751}.Release|Any CPU.Build.0 = Release|Any CPU
	EndGlobalSection
	GlobalSection(SolutionProperties) = preSolution
		HideSolutionNode = FALSE
	EndGlobalSection
EndGlobal
